
Microsoft Visual Studio Solution File, Format Version 12.00
# Visual Studio Version 16
VisualStudioVersion = 16.0.29806.167
MinimumVisualStudioVersion = 10.0.40219.1
Project("{9A19103F-16F7-4668-BE54-9A1E7A4F7556}") = "ClassAndConstructorExample", "OOPS\ClassAndConstructorExample.csproj", "{799D02CD-47CA-4902-9695-0EEBB7D9AA10}"
EndProject
Project("{9A19103F-16F7-4668-BE54-9A1E7A4F7556}") = "NestedClassUse", "NestedClassUse\NestedClassUse.csproj", "{F0DED03D-A41E-4E5C-8F8F-8D041B2B0634}"
EndProject
Project("{9A19103F-16F7-4668-BE54-9A1E7A4F7556}") = "StructureBasicProgram", "StructureBasicProgram\StructureBasicProgram.csproj", "{1AFE9543-D71C-4099-87DB-DBF0AF947146}"
EndProject
Project("{9A19103F-16F7-4668-BE54-9A1E7A4F7556}") = "EarlyBinding", "EarlyBinding\EarlyBinding.csproj", "{9A5F78AE-72AE-452D-BB95-69F6F3670090}"
EndProject
Project("{9A19103F-16F7-4668-BE54-9A1E7A4F7556}") = "LateBinding", "LateBinding\LateBinding.csproj", "{D7892F06-B326-4F8C-982C-E43B6951F234}"
EndProject
Project("{9A19103F-16F7-4668-BE54-9A1E7A4F7556}") = "Single_Inheritance", "Single_Inheritance\Single_Inheritance.csproj", "{763A6728-E4AB-458D-B801-7D4581A09638}"
EndProject
Project("{9A19103F-16F7-4668-BE54-9A1E7A4F7556}") = "Multilevel_Inheritance", "Multilevel_Inheritance\Multilevel_Inheritance.csproj", "{1DE00DAF-30F1-42F0-A562-62F3799A1FAC}"
EndProject
Project("{9A19103F-16F7-4668-BE54-9A1E7A4F7556}") = "Hierarchical_Interface", "Hierarchical_Interface\Hierarchical_Interface.csproj", "{17220D01-1FBC-46E8-B02B-C5B45BD266C3}"
EndProject
Project("{9A19103F-16F7-4668-BE54-9A1E7A4F7556}") = "FindLargestNumber", "FindLargestNumber\FindLargestNumber.csproj", "{9709050A-15AF-4D8E-8AD1-2216F7F22203}"
EndProject
Project("{2150E333-8FDC-42A3-9474-1A3956D46DE8}") = "Sorting", "Sorting", "{50C66582-FF07-48BB-9FF3-C2D7BFB789E9}"
EndProject
Project("{2150E333-8FDC-42A3-9474-1A3956D46DE8}") = "OOP", "OOP", "{FC2D1BD0-00B5-4047-BE70-54DF008010A2}"
EndProject
Project("{2150E333-8FDC-42A3-9474-1A3956D46DE8}") = "Searching", "Searching", "{0B610A0A-CFF5-4951-9C01-9F4D8136C895}"
EndProject
Project("{2150E333-8FDC-42A3-9474-1A3956D46DE8}") = "Tree", "Tree", "{A4252722-4698-4776-9BE7-EA3BF7113792}"
EndProject
Project("{2150E333-8FDC-42A3-9474-1A3956D46DE8}") = "Inheritance", "Inheritance", "{72434BAE-7B56-49BA-9345-FF53AB703A63}"
EndProject
Project("{2150E333-8FDC-42A3-9474-1A3956D46DE8}") = "Binding", "Binding", "{2DCDF26D-188D-4F6F-845F-F28058DF6ED6}"
EndProject
Project("{2150E333-8FDC-42A3-9474-1A3956D46DE8}") = "Structure", "Structure", "{F70DD94C-0F6E-41A8-8DB1-5B563E41E4C1}"
EndProject
Project("{2150E333-8FDC-42A3-9474-1A3956D46DE8}") = "ClassObject", "ClassObject", "{68ABF665-EC3E-4D05-9E0A-D5EB71372BB3}"
EndProject
Project("{9A19103F-16F7-4668-BE54-9A1E7A4F7556}") = "MultipleInheritanceUsingInterface", "MultipleInheritanceUsingInterface\MultipleInheritanceUsingInterface.csproj", "{27824045-2E79-4B72-A4D1-57EF3C80E1F5}"
EndProject
Project("{9A19103F-16F7-4668-BE54-9A1E7A4F7556}") = "InheritanceInInterface", "InheritanceInInterface\InheritanceInInterface.csproj", "{2C577A36-C290-49E9-971E-693A00CDF9B9}"
EndProject
Project("{2150E333-8FDC-42A3-9474-1A3956D46DE8}") = "abstract", "abstract", "{B5D4EB5C-90DB-45A1-9322-8A6B8D9FE52C}"
EndProject
Project("{9A19103F-16F7-4668-BE54-9A1E7A4F7556}") = "AbstractClass", "AbstractClass\AbstractClass.csproj", "{164AC6F2-2840-4642-844C-93551A7831BA}"
EndProject
Project("{2150E333-8FDC-42A3-9474-1A3956D46DE8}") = "SealedClass", "SealedClass", "{423FC1B6-F7F7-4A9D-B70B-BE175FFF9AD3}"
EndProject
Project("{9A19103F-16F7-4668-BE54-9A1E7A4F7556}") = "DefineSealedClass", "DefineSealedClass\DefineSealedClass.csproj", "{694CFA65-0632-46F8-8052-AE984189384A}"
EndProject
Project("{9A19103F-16F7-4668-BE54-9A1E7A4F7556}") = "PartialClass", "PartialClass\PartialClass.csproj", "{303F8857-8251-452F-A44B-3E9BE1A2FAB0}"
EndProject
Project("{2150E333-8FDC-42A3-9474-1A3956D46DE8}") = "Static", "Static", "{6799E45D-269E-4D61-9519-5536DE5468BF}"
EndProject
Project("{9A19103F-16F7-4668-BE54-9A1E7A4F7556}") = "StaticClass", "StaticClass\StaticClass.csproj", "{0ED46EF7-8522-4CB7-8F17-109C1607D9C4}"
EndProject
Project("{2150E333-8FDC-42A3-9474-1A3956D46DE8}") = "constreadonlyAndStatic", "constreadonlyAndStatic", "{0E1B0113-6D37-4079-9BFD-B82FC2136FB0}"
EndProject
Project("{9A19103F-16F7-4668-BE54-9A1E7A4F7556}") = "UseConstantvariable", "UseConstantvariable\UseConstantvariable.csproj", "{DFB70CBB-FE41-468B-B167-6BC698646D27}"
EndProject
Project("{9A19103F-16F7-4668-BE54-9A1E7A4F7556}") = "Usereadonly", "Usereadonly\Usereadonly.csproj", "{A09F0399-D3FD-44AB-9417-5ED78624C3A6}"
EndProject
Project("{9A19103F-16F7-4668-BE54-9A1E7A4F7556}") = "useStatic", "useStatic\useStatic.csproj", "{EB55164F-99CD-49F0-81FB-F445A0966CD2}"
EndProject
Project("{2150E333-8FDC-42A3-9474-1A3956D46DE8}") = "ExtensionMethod", "ExtensionMethod", "{96CAC199-A418-4874-9D99-C2841E623B3E}"
EndProject
Project("{9A19103F-16F7-4668-BE54-9A1E7A4F7556}") = "UseExtension", "UseExtension\UseExtension.csproj", "{89AD120C-5AEB-4E5C-B227-DAEC7E9C62D6}"
EndProject
Project("{2150E333-8FDC-42A3-9474-1A3956D46DE8}") = "Polymorphism", "Polymorphism", "{D835C934-DB92-4776-99E2-06A1623B66EB}"
EndProject
Project("{9A19103F-16F7-4668-BE54-9A1E7A4F7556}") = "Methodoverloading", "Methodoverloading\Methodoverloading.csproj", "{9D16F2FB-130E-4DE3-AE05-02B717B3C2D9}"
EndProject
Project("{9A19103F-16F7-4668-BE54-9A1E7A4F7556}") = "MethodOverloadingChangeDatatype", "MethodOverloadingChangeDatatype\MethodOverloadingChangeDatatype.csproj", "{4AAC5ECD-76FE-4654-95B2-C49D377968D5}"
EndProject
Project("{9A19103F-16F7-4668-BE54-9A1E7A4F7556}") = "MethodOverridingWithoutvirtualOROverride", "MethodOverridingWithoutvirtualOROverride\MethodOverridingWithoutvirtualOROverride.csproj", "{BF5A92CD-884F-4893-82F6-42BAE4E9DB21}"
EndProject
Project("{9A19103F-16F7-4668-BE54-9A1E7A4F7556}") = "MethodOverridingUsingVirtualOROverride", "MethodOverridingUsingVirtualOROverride\MethodOverridingUsingVirtualOROverride.csproj", "{D5EC7999-FC09-4D93-A286-857A67E07EB9}"
EndProject
Project("{FAE04EC0-301F-11D3-BF4B-00C04F79EFBC}") = "OverridingUseBaseKeyword", "OverridingUseBaseKeyword\OverridingUseBaseKeyword.csproj", "{2210CDEB-B85D-452A-9AD7-D0853FD53934}"
EndProject
Project("{FAE04EC0-301F-11D3-BF4B-00C04F79EFBC}") = "MethodHiding", "MethodHiding\MethodHiding.csproj", "{FBF2610E-EE32-4793-9E72-4F0019DDB668}"
EndProject
Project("{FAE04EC0-301F-11D3-BF4B-00C04F79EFBC}") = "MethodHidingUseBaseKeyword", "MethodHidingUseBaseKeyword\MethodHidingUseBaseKeyword.csproj", "{56B44B91-FD23-497A-8DCB-88F9BC067811}"
EndProject
Project("{FAE04EC0-301F-11D3-BF4B-00C04F79EFBC}") = "MethodHidingbyCasting", "MethodHidingbyCasting\MethodHidingbyCasting.csproj", "{BD655209-D6F9-42CC-B6BA-0FA1E83E32B0}"
EndProject
Project("{FAE04EC0-301F-11D3-BF4B-00C04F79EFBC}") = "MethodHidingRefrenceDerivedClass", "MethodHidingRefrenceDerivedClass\MethodHidingRefrenceDerivedClass.csproj", "{ED78C398-9630-4ACF-940C-0E8421D072F9}"
EndProject
Project("{2150E333-8FDC-42A3-9474-1A3956D46DE8}") = "DiffrenceOverridingOrHiding", "DiffrenceOverridingOrHiding", "{60046BC1-AEFB-4816-91EF-7DD75B78AA80}"
EndProject
Project("{FAE04EC0-301F-11D3-BF4B-00C04F79EFBC}") = "MethodOverriding", "MethodOverriding\MethodOverriding.csproj", "{6C80A016-5C43-4394-A1BA-397815CA8CE0}"
EndProject
Global
	GlobalSection(SolutionConfigurationPlatforms) = preSolution
		Debug|Any CPU = Debug|Any CPU
		Release|Any CPU = Release|Any CPU
	EndGlobalSection
	GlobalSection(ProjectConfigurationPlatforms) = postSolution
		{799D02CD-47CA-4902-9695-0EEBB7D9AA10}.Debug|Any CPU.ActiveCfg = Debug|Any CPU
		{799D02CD-47CA-4902-9695-0EEBB7D9AA10}.Debug|Any CPU.Build.0 = Debug|Any CPU
		{799D02CD-47CA-4902-9695-0EEBB7D9AA10}.Release|Any CPU.ActiveCfg = Release|Any CPU
		{799D02CD-47CA-4902-9695-0EEBB7D9AA10}.Release|Any CPU.Build.0 = Release|Any CPU
		{F0DED03D-A41E-4E5C-8F8F-8D041B2B0634}.Debug|Any CPU.ActiveCfg = Debug|Any CPU
		{F0DED03D-A41E-4E5C-8F8F-8D041B2B0634}.Debug|Any CPU.Build.0 = Debug|Any CPU
		{F0DED03D-A41E-4E5C-8F8F-8D041B2B0634}.Release|Any CPU.ActiveCfg = Release|Any CPU
		{F0DED03D-A41E-4E5C-8F8F-8D041B2B0634}.Release|Any CPU.Build.0 = Release|Any CPU
		{1AFE9543-D71C-4099-87DB-DBF0AF947146}.Debug|Any CPU.ActiveCfg = Debug|Any CPU
		{1AFE9543-D71C-4099-87DB-DBF0AF947146}.Debug|Any CPU.Build.0 = Debug|Any CPU
		{1AFE9543-D71C-4099-87DB-DBF0AF947146}.Release|Any CPU.ActiveCfg = Release|Any CPU
		{1AFE9543-D71C-4099-87DB-DBF0AF947146}.Release|Any CPU.Build.0 = Release|Any CPU
		{9A5F78AE-72AE-452D-BB95-69F6F3670090}.Debug|Any CPU.ActiveCfg = Debug|Any CPU
		{9A5F78AE-72AE-452D-BB95-69F6F3670090}.Debug|Any CPU.Build.0 = Debug|Any CPU
		{9A5F78AE-72AE-452D-BB95-69F6F3670090}.Release|Any CPU.ActiveCfg = Release|Any CPU
		{9A5F78AE-72AE-452D-BB95-69F6F3670090}.Release|Any CPU.Build.0 = Release|Any CPU
		{D7892F06-B326-4F8C-982C-E43B6951F234}.Debug|Any CPU.ActiveCfg = Debug|Any CPU
		{D7892F06-B326-4F8C-982C-E43B6951F234}.Debug|Any CPU.Build.0 = Debug|Any CPU
		{D7892F06-B326-4F8C-982C-E43B6951F234}.Release|Any CPU.ActiveCfg = Release|Any CPU
		{D7892F06-B326-4F8C-982C-E43B6951F234}.Release|Any CPU.Build.0 = Release|Any CPU
		{763A6728-E4AB-458D-B801-7D4581A09638}.Debug|Any CPU.ActiveCfg = Debug|Any CPU
		{763A6728-E4AB-458D-B801-7D4581A09638}.Debug|Any CPU.Build.0 = Debug|Any CPU
		{763A6728-E4AB-458D-B801-7D4581A09638}.Release|Any CPU.ActiveCfg = Release|Any CPU
		{763A6728-E4AB-458D-B801-7D4581A09638}.Release|Any CPU.Build.0 = Release|Any CPU
		{1DE00DAF-30F1-42F0-A562-62F3799A1FAC}.Debug|Any CPU.ActiveCfg = Debug|Any CPU
		{1DE00DAF-30F1-42F0-A562-62F3799A1FAC}.Debug|Any CPU.Build.0 = Debug|Any CPU
		{1DE00DAF-30F1-42F0-A562-62F3799A1FAC}.Release|Any CPU.ActiveCfg = Release|Any CPU
		{1DE00DAF-30F1-42F0-A562-62F3799A1FAC}.Release|Any CPU.Build.0 = Release|Any CPU
		{17220D01-1FBC-46E8-B02B-C5B45BD266C3}.Debug|Any CPU.ActiveCfg = Debug|Any CPU
		{17220D01-1FBC-46E8-B02B-C5B45BD266C3}.Debug|Any CPU.Build.0 = Debug|Any CPU
		{17220D01-1FBC-46E8-B02B-C5B45BD266C3}.Release|Any CPU.ActiveCfg = Release|Any CPU
		{17220D01-1FBC-46E8-B02B-C5B45BD266C3}.Release|Any CPU.Build.0 = Release|Any CPU
		{9709050A-15AF-4D8E-8AD1-2216F7F22203}.Debug|Any CPU.ActiveCfg = Debug|Any CPU
		{9709050A-15AF-4D8E-8AD1-2216F7F22203}.Debug|Any CPU.Build.0 = Debug|Any CPU
		{9709050A-15AF-4D8E-8AD1-2216F7F22203}.Release|Any CPU.ActiveCfg = Release|Any CPU
		{9709050A-15AF-4D8E-8AD1-2216F7F22203}.Release|Any CPU.Build.0 = Release|Any CPU
		{27824045-2E79-4B72-A4D1-57EF3C80E1F5}.Debug|Any CPU.ActiveCfg = Debug|Any CPU
		{27824045-2E79-4B72-A4D1-57EF3C80E1F5}.Debug|Any CPU.Build.0 = Debug|Any CPU
		{27824045-2E79-4B72-A4D1-57EF3C80E1F5}.Release|Any CPU.ActiveCfg = Release|Any CPU
		{27824045-2E79-4B72-A4D1-57EF3C80E1F5}.Release|Any CPU.Build.0 = Release|Any CPU
		{2C577A36-C290-49E9-971E-693A00CDF9B9}.Debug|Any CPU.ActiveCfg = Debug|Any CPU
		{2C577A36-C290-49E9-971E-693A00CDF9B9}.Debug|Any CPU.Build.0 = Debug|Any CPU
		{2C577A36-C290-49E9-971E-693A00CDF9B9}.Release|Any CPU.ActiveCfg = Release|Any CPU
		{2C577A36-C290-49E9-971E-693A00CDF9B9}.Release|Any CPU.Build.0 = Release|Any CPU
		{164AC6F2-2840-4642-844C-93551A7831BA}.Debug|Any CPU.ActiveCfg = Debug|Any CPU
		{164AC6F2-2840-4642-844C-93551A7831BA}.Debug|Any CPU.Build.0 = Debug|Any CPU
		{164AC6F2-2840-4642-844C-93551A7831BA}.Release|Any CPU.ActiveCfg = Release|Any CPU
		{164AC6F2-2840-4642-844C-93551A7831BA}.Release|Any CPU.Build.0 = Release|Any CPU
		{694CFA65-0632-46F8-8052-AE984189384A}.Debug|Any CPU.ActiveCfg = Debug|Any CPU
		{694CFA65-0632-46F8-8052-AE984189384A}.Debug|Any CPU.Build.0 = Debug|Any CPU
		{694CFA65-0632-46F8-8052-AE984189384A}.Release|Any CPU.ActiveCfg = Release|Any CPU
		{694CFA65-0632-46F8-8052-AE984189384A}.Release|Any CPU.Build.0 = Release|Any CPU
		{303F8857-8251-452F-A44B-3E9BE1A2FAB0}.Debug|Any CPU.ActiveCfg = Debug|Any CPU
		{303F8857-8251-452F-A44B-3E9BE1A2FAB0}.Debug|Any CPU.Build.0 = Debug|Any CPU
		{303F8857-8251-452F-A44B-3E9BE1A2FAB0}.Release|Any CPU.ActiveCfg = Release|Any CPU
		{303F8857-8251-452F-A44B-3E9BE1A2FAB0}.Release|Any CPU.Build.0 = Release|Any CPU
		{0ED46EF7-8522-4CB7-8F17-109C1607D9C4}.Debug|Any CPU.ActiveCfg = Debug|Any CPU
		{0ED46EF7-8522-4CB7-8F17-109C1607D9C4}.Debug|Any CPU.Build.0 = Debug|Any CPU
		{0ED46EF7-8522-4CB7-8F17-109C1607D9C4}.Release|Any CPU.ActiveCfg = Release|Any CPU
		{0ED46EF7-8522-4CB7-8F17-109C1607D9C4}.Release|Any CPU.Build.0 = Release|Any CPU
		{DFB70CBB-FE41-468B-B167-6BC698646D27}.Debug|Any CPU.ActiveCfg = Debug|Any CPU
		{DFB70CBB-FE41-468B-B167-6BC698646D27}.Debug|Any CPU.Build.0 = Debug|Any CPU
		{DFB70CBB-FE41-468B-B167-6BC698646D27}.Release|Any CPU.ActiveCfg = Release|Any CPU
		{DFB70CBB-FE41-468B-B167-6BC698646D27}.Release|Any CPU.Build.0 = Release|Any CPU
		{A09F0399-D3FD-44AB-9417-5ED78624C3A6}.Debug|Any CPU.ActiveCfg = Debug|Any CPU
		{A09F0399-D3FD-44AB-9417-5ED78624C3A6}.Debug|Any CPU.Build.0 = Debug|Any CPU
		{A09F0399-D3FD-44AB-9417-5ED78624C3A6}.Release|Any CPU.ActiveCfg = Release|Any CPU
		{A09F0399-D3FD-44AB-9417-5ED78624C3A6}.Release|Any CPU.Build.0 = Release|Any CPU
		{EB55164F-99CD-49F0-81FB-F445A0966CD2}.Debug|Any CPU.ActiveCfg = Debug|Any CPU
		{EB55164F-99CD-49F0-81FB-F445A0966CD2}.Debug|Any CPU.Build.0 = Debug|Any CPU
		{EB55164F-99CD-49F0-81FB-F445A0966CD2}.Release|Any CPU.ActiveCfg = Release|Any CPU
		{EB55164F-99CD-49F0-81FB-F445A0966CD2}.Release|Any CPU.Build.0 = Release|Any CPU
		{89AD120C-5AEB-4E5C-B227-DAEC7E9C62D6}.Debug|Any CPU.ActiveCfg = Debug|Any CPU
		{89AD120C-5AEB-4E5C-B227-DAEC7E9C62D6}.Debug|Any CPU.Build.0 = Debug|Any CPU
		{89AD120C-5AEB-4E5C-B227-DAEC7E9C62D6}.Release|Any CPU.ActiveCfg = Release|Any CPU
		{89AD120C-5AEB-4E5C-B227-DAEC7E9C62D6}.Release|Any CPU.Build.0 = Release|Any CPU
		{9D16F2FB-130E-4DE3-AE05-02B717B3C2D9}.Debug|Any CPU.ActiveCfg = Debug|Any CPU
		{9D16F2FB-130E-4DE3-AE05-02B717B3C2D9}.Debug|Any CPU.Build.0 = Debug|Any CPU
		{9D16F2FB-130E-4DE3-AE05-02B717B3C2D9}.Release|Any CPU.ActiveCfg = Release|Any CPU
		{9D16F2FB-130E-4DE3-AE05-02B717B3C2D9}.Release|Any CPU.Build.0 = Release|Any CPU
		{4AAC5ECD-76FE-4654-95B2-C49D377968D5}.Debug|Any CPU.ActiveCfg = Debug|Any CPU
		{4AAC5ECD-76FE-4654-95B2-C49D377968D5}.Debug|Any CPU.Build.0 = Debug|Any CPU
		{4AAC5ECD-76FE-4654-95B2-C49D377968D5}.Release|Any CPU.ActiveCfg = Release|Any CPU
		{4AAC5ECD-76FE-4654-95B2-C49D377968D5}.Release|Any CPU.Build.0 = Release|Any CPU
		{BF5A92CD-884F-4893-82F6-42BAE4E9DB21}.Debug|Any CPU.ActiveCfg = Debug|Any CPU
		{BF5A92CD-884F-4893-82F6-42BAE4E9DB21}.Debug|Any CPU.Build.0 = Debug|Any CPU
		{BF5A92CD-884F-4893-82F6-42BAE4E9DB21}.Release|Any CPU.ActiveCfg = Release|Any CPU
		{BF5A92CD-884F-4893-82F6-42BAE4E9DB21}.Release|Any CPU.Build.0 = Release|Any CPU
		{D5EC7999-FC09-4D93-A286-857A67E07EB9}.Debug|Any CPU.ActiveCfg = Debug|Any CPU
		{D5EC7999-FC09-4D93-A286-857A67E07EB9}.Debug|Any CPU.Build.0 = Debug|Any CPU
		{D5EC7999-FC09-4D93-A286-857A67E07EB9}.Release|Any CPU.ActiveCfg = Release|Any CPU
		{D5EC7999-FC09-4D93-A286-857A67E07EB9}.Release|Any CPU.Build.0 = Release|Any CPU
		{2210CDEB-B85D-452A-9AD7-D0853FD53934}.Debug|Any CPU.ActiveCfg = Debug|Any CPU
		{2210CDEB-B85D-452A-9AD7-D0853FD53934}.Debug|Any CPU.Build.0 = Debug|Any CPU
		{2210CDEB-B85D-452A-9AD7-D0853FD53934}.Release|Any CPU.ActiveCfg = Release|Any CPU
		{2210CDEB-B85D-452A-9AD7-D0853FD53934}.Release|Any CPU.Build.0 = Release|Any CPU
		{FBF2610E-EE32-4793-9E72-4F0019DDB668}.Debug|Any CPU.ActiveCfg = Debug|Any CPU
		{FBF2610E-EE32-4793-9E72-4F0019DDB668}.Debug|Any CPU.Build.0 = Debug|Any CPU
		{FBF2610E-EE32-4793-9E72-4F0019DDB668}.Release|Any CPU.ActiveCfg = Release|Any CPU
		{FBF2610E-EE32-4793-9E72-4F0019DDB668}.Release|Any CPU.Build.0 = Release|Any CPU
		{56B44B91-FD23-497A-8DCB-88F9BC067811}.Debug|Any CPU.ActiveCfg = Debug|Any CPU
		{56B44B91-FD23-497A-8DCB-88F9BC067811}.Debug|Any CPU.Build.0 = Debug|Any CPU
		{56B44B91-FD23-497A-8DCB-88F9BC067811}.Release|Any CPU.ActiveCfg = Release|Any CPU
		{56B44B91-FD23-497A-8DCB-88F9BC067811}.Release|Any CPU.Build.0 = Release|Any CPU
		{BD655209-D6F9-42CC-B6BA-0FA1E83E32B0}.Debug|Any CPU.ActiveCfg = Debug|Any CPU
		{BD655209-D6F9-42CC-B6BA-0FA1E83E32B0}.Debug|Any CPU.Build.0 = Debug|Any CPU
		{BD655209-D6F9-42CC-B6BA-0FA1E83E32B0}.Release|Any CPU.ActiveCfg = Release|Any CPU
		{BD655209-D6F9-42CC-B6BA-0FA1E83E32B0}.Release|Any CPU.Build.0 = Release|Any CPU
		{ED78C398-9630-4ACF-940C-0E8421D072F9}.Debug|Any CPU.ActiveCfg = Debug|Any CPU
		{ED78C398-9630-4ACF-940C-0E8421D072F9}.Debug|Any CPU.Build.0 = Debug|Any CPU
		{ED78C398-9630-4ACF-940C-0E8421D072F9}.Release|Any CPU.ActiveCfg = Release|Any CPU
		{ED78C398-9630-4ACF-940C-0E8421D072F9}.Release|Any CPU.Build.0 = Release|Any CPU
		{6C80A016-5C43-4394-A1BA-397815CA8CE0}.Debug|Any CPU.ActiveCfg = Debug|Any CPU
		{6C80A016-5C43-4394-A1BA-397815CA8CE0}.Debug|Any CPU.Build.0 = Debug|Any CPU
		{6C80A016-5C43-4394-A1BA-397815CA8CE0}.Release|Any CPU.ActiveCfg = Release|Any CPU
		{6C80A016-5C43-4394-A1BA-397815CA8CE0}.Release|Any CPU.Build.0 = Release|Any CPU
	EndGlobalSection
	GlobalSection(SolutionProperties) = preSolution
		HideSolutionNode = FALSE
	EndGlobalSection
	GlobalSection(NestedProjects) = preSolution
		{799D02CD-47CA-4902-9695-0EEBB7D9AA10} = {68ABF665-EC3E-4D05-9E0A-D5EB71372BB3}
		{F0DED03D-A41E-4E5C-8F8F-8D041B2B0634} = {68ABF665-EC3E-4D05-9E0A-D5EB71372BB3}
		{1AFE9543-D71C-4099-87DB-DBF0AF947146} = {F70DD94C-0F6E-41A8-8DB1-5B563E41E4C1}
		{9A5F78AE-72AE-452D-BB95-69F6F3670090} = {2DCDF26D-188D-4F6F-845F-F28058DF6ED6}
		{D7892F06-B326-4F8C-982C-E43B6951F234} = {2DCDF26D-188D-4F6F-845F-F28058DF6ED6}
		{763A6728-E4AB-458D-B801-7D4581A09638} = {72434BAE-7B56-49BA-9345-FF53AB703A63}
		{1DE00DAF-30F1-42F0-A562-62F3799A1FAC} = {72434BAE-7B56-49BA-9345-FF53AB703A63}
		{17220D01-1FBC-46E8-B02B-C5B45BD266C3} = {72434BAE-7B56-49BA-9345-FF53AB703A63}
		{9709050A-15AF-4D8E-8AD1-2216F7F22203} = {50C66582-FF07-48BB-9FF3-C2D7BFB789E9}
		{72434BAE-7B56-49BA-9345-FF53AB703A63} = {FC2D1BD0-00B5-4047-BE70-54DF008010A2}
		{2DCDF26D-188D-4F6F-845F-F28058DF6ED6} = {FC2D1BD0-00B5-4047-BE70-54DF008010A2}
		{F70DD94C-0F6E-41A8-8DB1-5B563E41E4C1} = {FC2D1BD0-00B5-4047-BE70-54DF008010A2}
		{68ABF665-EC3E-4D05-9E0A-D5EB71372BB3} = {FC2D1BD0-00B5-4047-BE70-54DF008010A2}
		{27824045-2E79-4B72-A4D1-57EF3C80E1F5} = {72434BAE-7B56-49BA-9345-FF53AB703A63}
		{2C577A36-C290-49E9-971E-693A00CDF9B9} = {72434BAE-7B56-49BA-9345-FF53AB703A63}
		{B5D4EB5C-90DB-45A1-9322-8A6B8D9FE52C} = {FC2D1BD0-00B5-4047-BE70-54DF008010A2}
		{164AC6F2-2840-4642-844C-93551A7831BA} = {B5D4EB5C-90DB-45A1-9322-8A6B8D9FE52C}
		{423FC1B6-F7F7-4A9D-B70B-BE175FFF9AD3} = {FC2D1BD0-00B5-4047-BE70-54DF008010A2}
		{694CFA65-0632-46F8-8052-AE984189384A} = {423FC1B6-F7F7-4A9D-B70B-BE175FFF9AD3}
		{303F8857-8251-452F-A44B-3E9BE1A2FAB0} = {FC2D1BD0-00B5-4047-BE70-54DF008010A2}
		{6799E45D-269E-4D61-9519-5536DE5468BF} = {FC2D1BD0-00B5-4047-BE70-54DF008010A2}
		{0ED46EF7-8522-4CB7-8F17-109C1607D9C4} = {6799E45D-269E-4D61-9519-5536DE5468BF}
		{0E1B0113-6D37-4079-9BFD-B82FC2136FB0} = {FC2D1BD0-00B5-4047-BE70-54DF008010A2}
		{DFB70CBB-FE41-468B-B167-6BC698646D27} = {0E1B0113-6D37-4079-9BFD-B82FC2136FB0}
		{A09F0399-D3FD-44AB-9417-5ED78624C3A6} = {0E1B0113-6D37-4079-9BFD-B82FC2136FB0}
		{EB55164F-99CD-49F0-81FB-F445A0966CD2} = {0E1B0113-6D37-4079-9BFD-B82FC2136FB0}
		{96CAC199-A418-4874-9D99-C2841E623B3E} = {FC2D1BD0-00B5-4047-BE70-54DF008010A2}
		{89AD120C-5AEB-4E5C-B227-DAEC7E9C62D6} = {96CAC199-A418-4874-9D99-C2841E623B3E}
		{D835C934-DB92-4776-99E2-06A1623B66EB} = {FC2D1BD0-00B5-4047-BE70-54DF008010A2}
		{9D16F2FB-130E-4DE3-AE05-02B717B3C2D9} = {D835C934-DB92-4776-99E2-06A1623B66EB}
		{4AAC5ECD-76FE-4654-95B2-C49D377968D5} = {D835C934-DB92-4776-99E2-06A1623B66EB}
		{BF5A92CD-884F-4893-82F6-42BAE4E9DB21} = {D835C934-DB92-4776-99E2-06A1623B66EB}
		{D5EC7999-FC09-4D93-A286-857A67E07EB9} = {D835C934-DB92-4776-99E2-06A1623B66EB}
		{2210CDEB-B85D-452A-9AD7-D0853FD53934} = {D835C934-DB92-4776-99E2-06A1623B66EB}
		{FBF2610E-EE32-4793-9E72-4F0019DDB668} = {D835C934-DB92-4776-99E2-06A1623B66EB}
		{56B44B91-FD23-497A-8DCB-88F9BC067811} = {D835C934-DB92-4776-99E2-06A1623B66EB}
		{BD655209-D6F9-42CC-B6BA-0FA1E83E32B0} = {D835C934-DB92-4776-99E2-06A1623B66EB}
		{ED78C398-9630-4ACF-940C-0E8421D072F9} = {D835C934-DB92-4776-99E2-06A1623B66EB}
		{60046BC1-AEFB-4816-91EF-7DD75B78AA80} = {D835C934-DB92-4776-99E2-06A1623B66EB}
		{6C80A016-5C43-4394-A1BA-397815CA8CE0} = {60046BC1-AEFB-4816-91EF-7DD75B78AA80}
	EndGlobalSection
	GlobalSection(ExtensibilityGlobals) = postSolution
		SolutionGuid = {37D1C363-6146-4922-BA15-C3EDFF3FCD57}
	EndGlobalSection
EndGlobal
